
Microsoft Visual Studio Solution File, Format Version 12.00
# Visual Studio Version 17
VisualStudioVersion = 17.8.34330.188
MinimumVisualStudioVersion = 10.0.40219.1
Project("{9A19103F-16F7-4668-BE54-9A1E7A4F7556}") = "WpfApp1", "WpfApp1\WpfApp1.csproj", "{AC2346E2-1EF0-4AE0-9357-129BC1C47809}"
EndProject
Project("{FAE04EC0-301F-11D3-BF4B-00C04F79EFBC}") = "WpfApp2", "WpfApp2\WpfApp2.csproj", "{FC5AF6A3-CAB8-4985-8C4E-A69269FFB5B2}"
EndProject
Project("{FAE04EC0-301F-11D3-BF4B-00C04F79EFBC}") = "ImageSourceEx", "ImageSourceEx\ImageSourceEx.csproj", "{3F32BE0C-7566-4C77-A40C-896C06CC062F}"
EndProject
Project("{FAE04EC0-301F-11D3-BF4B-00C04F79EFBC}") = "TestSelfWPF", "TestSelfWPF\TestSelfWPF.csproj", "{5DF07F14-DCF6-469D-8965-C3C47386383F}"
EndProject
Project("{FAE04EC0-301F-11D3-BF4B-00C04F79EFBC}") = "testArges", "testArges\testArges.csproj", "{C4FCA802-381A-41E7-86C7-EFF79EBA5E84}"
EndProject
Project("{FAE04EC0-301F-11D3-BF4B-00C04F79EFBC}") = "testJsonSerial", "testJsonSerial\testJsonSerial.csproj", "{416D3AFE-0B19-41C4-92E4-6E4B88082478}"
EndProject
Project("{FAE04EC0-301F-11D3-BF4B-00C04F79EFBC}") = "autoHeightControl", "autoHeightControl\autoHeightControl.csproj", "{298B96BE-035D-4001-ACF2-FE31736FBB90}"
EndProject
Project("{FAE04EC0-301F-11D3-BF4B-00C04F79EFBC}") = "TestWmi", "TestWmi\TestWmi.csproj", "{20980948-0D9F-4402-8C6F-F7F3A3C16E48}"
EndProject
Project("{2150E333-8FDC-42A3-9474-1A3956D46DE8}") = "TestComReference", "TestComReference", "{5C04A9B2-0B28-4874-BB74-BA3860DCC97F}"
EndProject
Project("{FAE04EC0-301F-11D3-BF4B-00C04F79EFBC}") = "TestComRefenceNet8", "TestComRefenceNet8\TestComRefenceNet8.csproj", "{6B0CD517-B6AF-47CE-AEF5-840004889603}"
EndProject
Project("{FAE04EC0-301F-11D3-BF4B-00C04F79EFBC}") = "AppUserModelTest", "AppUserModelTest\AppUserModelTest.csproj", "{01AD8F70-CB15-444C-A41C-3CB1FFABC052}"
EndProject
Project("{2150E333-8FDC-42A3-9474-1A3956D46DE8}") = "TestHideWindows", "TestHideWindows", "{0EB26BB6-F131-4709-9775-A3D7A9258A97}"
EndProject
Project("{FAE04EC0-301F-11D3-BF4B-00C04F79EFBC}") = "HideWindows", "HideWindows\HideWindows.csproj", "{4EFAEF59-3CAF-4AFC-9BF6-C76D39C8865D}"
EndProject
Project("{FAE04EC0-301F-11D3-BF4B-00C04F79EFBC}") = "ActiveWindow", "ActiveWindow\ActiveWindow.csproj", "{191FE292-A2DA-496D-9379-E6DA1D4BA45F}"
EndProject
Global
	GlobalSection(SolutionConfigurationPlatforms) = preSolution
		Debug|Any CPU = Debug|Any CPU
		Debug|x86 = Debug|x86
		Release|Any CPU = Release|Any CPU
		Release|x86 = Release|x86
	EndGlobalSection
	GlobalSection(ProjectConfigurationPlatforms) = postSolution
		{AC2346E2-1EF0-4AE0-9357-129BC1C47809}.Debug|Any CPU.ActiveCfg = Debug|Any CPU
		{AC2346E2-1EF0-4AE0-9357-129BC1C47809}.Debug|Any CPU.Build.0 = Debug|Any CPU
		{AC2346E2-1EF0-4AE0-9357-129BC1C47809}.Debug|x86.ActiveCfg = Debug|Any CPU
		{AC2346E2-1EF0-4AE0-9357-129BC1C47809}.Debug|x86.Build.0 = Debug|Any CPU
		{AC2346E2-1EF0-4AE0-9357-129BC1C47809}.Release|Any CPU.ActiveCfg = Release|Any CPU
		{AC2346E2-1EF0-4AE0-9357-129BC1C47809}.Release|Any CPU.Build.0 = Release|Any CPU
		{AC2346E2-1EF0-4AE0-9357-129BC1C47809}.Release|x86.ActiveCfg = Release|Any CPU
		{AC2346E2-1EF0-4AE0-9357-129BC1C47809}.Release|x86.Build.0 = Release|Any CPU
		{FC5AF6A3-CAB8-4985-8C4E-A69269FFB5B2}.Debug|Any CPU.ActiveCfg = Debug|Any CPU
		{FC5AF6A3-CAB8-4985-8C4E-A69269FFB5B2}.Debug|Any CPU.Build.0 = Debug|Any CPU
		{FC5AF6A3-CAB8-4985-8C4E-A69269FFB5B2}.Debug|x86.ActiveCfg = Debug|Any CPU
		{FC5AF6A3-CAB8-4985-8C4E-A69269FFB5B2}.Debug|x86.Build.0 = Debug|Any CPU
		{FC5AF6A3-CAB8-4985-8C4E-A69269FFB5B2}.Release|Any CPU.ActiveCfg = Release|Any CPU
		{FC5AF6A3-CAB8-4985-8C4E-A69269FFB5B2}.Release|Any CPU.Build.0 = Release|Any CPU
		{FC5AF6A3-CAB8-4985-8C4E-A69269FFB5B2}.Release|x86.ActiveCfg = Release|Any CPU
		{FC5AF6A3-CAB8-4985-8C4E-A69269FFB5B2}.Release|x86.Build.0 = Release|Any CPU
		{3F32BE0C-7566-4C77-A40C-896C06CC062F}.Debug|Any CPU.ActiveCfg = Debug|Any CPU
		{3F32BE0C-7566-4C77-A40C-896C06CC062F}.Debug|Any CPU.Build.0 = Debug|Any CPU
		{3F32BE0C-7566-4C77-A40C-896C06CC062F}.Debug|x86.ActiveCfg = Debug|Any CPU
		{3F32BE0C-7566-4C77-A40C-896C06CC062F}.Debug|x86.Build.0 = Debug|Any CPU
		{3F32BE0C-7566-4C77-A40C-896C06CC062F}.Release|Any CPU.ActiveCfg = Release|Any CPU
		{3F32BE0C-7566-4C77-A40C-896C06CC062F}.Release|Any CPU.Build.0 = Release|Any CPU
		{3F32BE0C-7566-4C77-A40C-896C06CC062F}.Release|x86.ActiveCfg = Release|Any CPU
		{3F32BE0C-7566-4C77-A40C-896C06CC062F}.Release|x86.Build.0 = Release|Any CPU
		{5DF07F14-DCF6-469D-8965-C3C47386383F}.Debug|Any CPU.ActiveCfg = Debug|Any CPU
		{5DF07F14-DCF6-469D-8965-C3C47386383F}.Debug|Any CPU.Build.0 = Debug|Any CPU
		{5DF07F14-DCF6-469D-8965-C3C47386383F}.Debug|x86.ActiveCfg = Debug|x86
		{5DF07F14-DCF6-469D-8965-C3C47386383F}.Debug|x86.Build.0 = Debug|x86
		{5DF07F14-DCF6-469D-8965-C3C47386383F}.Release|Any CPU.ActiveCfg = Release|Any CPU
		{5DF07F14-DCF6-469D-8965-C3C47386383F}.Release|Any CPU.Build.0 = Release|Any CPU
		{5DF07F14-DCF6-469D-8965-C3C47386383F}.Release|x86.ActiveCfg = Release|x86
		{5DF07F14-DCF6-469D-8965-C3C47386383F}.Release|x86.Build.0 = Release|x86
		{C4FCA802-381A-41E7-86C7-EFF79EBA5E84}.Debug|Any CPU.ActiveCfg = Debug|Any CPU
		{C4FCA802-381A-41E7-86C7-EFF79EBA5E84}.Debug|Any CPU.Build.0 = Debug|Any CPU
		{C4FCA802-381A-41E7-86C7-EFF79EBA5E84}.Debug|x86.ActiveCfg = Debug|Any CPU
		{C4FCA802-381A-41E7-86C7-EFF79EBA5E84}.Debug|x86.Build.0 = Debug|Any CPU
		{C4FCA802-381A-41E7-86C7-EFF79EBA5E84}.Release|Any CPU.ActiveCfg = Release|Any CPU
		{C4FCA802-381A-41E7-86C7-EFF79EBA5E84}.Release|Any CPU.Build.0 = Release|Any CPU
		{C4FCA802-381A-41E7-86C7-EFF79EBA5E84}.Release|x86.ActiveCfg = Release|Any CPU
		{C4FCA802-381A-41E7-86C7-EFF79EBA5E84}.Release|x86.Build.0 = Release|Any CPU
		{416D3AFE-0B19-41C4-92E4-6E4B88082478}.Debug|Any CPU.ActiveCfg = Debug|Any CPU
		{416D3AFE-0B19-41C4-92E4-6E4B88082478}.Debug|Any CPU.Build.0 = Debug|Any CPU
		{416D3AFE-0B19-41C4-92E4-6E4B88082478}.Debug|x86.ActiveCfg = Debug|Any CPU
		{416D3AFE-0B19-41C4-92E4-6E4B88082478}.Debug|x86.Build.0 = Debug|Any CPU
		{416D3AFE-0B19-41C4-92E4-6E4B88082478}.Release|Any CPU.ActiveCfg = Release|Any CPU
		{416D3AFE-0B19-41C4-92E4-6E4B88082478}.Release|Any CPU.Build.0 = Release|Any CPU
		{416D3AFE-0B19-41C4-92E4-6E4B88082478}.Release|x86.ActiveCfg = Release|Any CPU
		{416D3AFE-0B19-41C4-92E4-6E4B88082478}.Release|x86.Build.0 = Release|Any CPU
		{298B96BE-035D-4001-ACF2-FE31736FBB90}.Debug|Any CPU.ActiveCfg = Debug|Any CPU
		{298B96BE-035D-4001-ACF2-FE31736FBB90}.Debug|Any CPU.Build.0 = Debug|Any CPU
		{298B96BE-035D-4001-ACF2-FE31736FBB90}.Debug|x86.ActiveCfg = Debug|Any CPU
		{298B96BE-035D-4001-ACF2-FE31736FBB90}.Debug|x86.Build.0 = Debug|Any CPU
		{298B96BE-035D-4001-ACF2-FE31736FBB90}.Release|Any CPU.ActiveCfg = Release|Any CPU
		{298B96BE-035D-4001-ACF2-FE31736FBB90}.Release|Any CPU.Build.0 = Release|Any CPU
		{298B96BE-035D-4001-ACF2-FE31736FBB90}.Release|x86.ActiveCfg = Release|Any CPU
		{298B96BE-035D-4001-ACF2-FE31736FBB90}.Release|x86.Build.0 = Release|Any CPU
		{20980948-0D9F-4402-8C6F-F7F3A3C16E48}.Debug|Any CPU.ActiveCfg = Debug|Any CPU
		{20980948-0D9F-4402-8C6F-F7F3A3C16E48}.Debug|Any CPU.Build.0 = Debug|Any CPU
		{20980948-0D9F-4402-8C6F-F7F3A3C16E48}.Debug|x86.ActiveCfg = Debug|Any CPU
		{20980948-0D9F-4402-8C6F-F7F3A3C16E48}.Debug|x86.Build.0 = Debug|Any CPU
		{20980948-0D9F-4402-8C6F-F7F3A3C16E48}.Release|Any CPU.ActiveCfg = Release|Any CPU
		{20980948-0D9F-4402-8C6F-F7F3A3C16E48}.Release|Any CPU.Build.0 = Release|Any CPU
		{20980948-0D9F-4402-8C6F-F7F3A3C16E48}.Release|x86.ActiveCfg = Release|Any CPU
		{20980948-0D9F-4402-8C6F-F7F3A3C16E48}.Release|x86.Build.0 = Release|Any CPU
		{6B0CD517-B6AF-47CE-AEF5-840004889603}.Debug|Any CPU.ActiveCfg = Debug|Any CPU
		{6B0CD517-B6AF-47CE-AEF5-840004889603}.Debug|Any CPU.Build.0 = Debug|Any CPU
		{6B0CD517-B6AF-47CE-AEF5-840004889603}.Debug|x86.ActiveCfg = Debug|Any CPU
		{6B0CD517-B6AF-47CE-AEF5-840004889603}.Debug|x86.Build.0 = Debug|Any CPU
		{6B0CD517-B6AF-47CE-AEF5-840004889603}.Release|Any CPU.ActiveCfg = Release|Any CPU
		{6B0CD517-B6AF-47CE-AEF5-840004889603}.Release|Any CPU.Build.0 = Release|Any CPU
		{6B0CD517-B6AF-47CE-AEF5-840004889603}.Release|x86.ActiveCfg = Release|Any CPU
		{6B0CD517-B6AF-47CE-AEF5-840004889603}.Release|x86.Build.0 = Release|Any CPU
		{01AD8F70-CB15-444C-A41C-3CB1FFABC052}.Debug|Any CPU.ActiveCfg = Debug|Any CPU
		{01AD8F70-CB15-444C-A41C-3CB1FFABC052}.Debug|Any CPU.Build.0 = Debug|Any CPU
		{01AD8F70-CB15-444C-A41C-3CB1FFABC052}.Debug|x86.ActiveCfg = Debug|Any CPU
		{01AD8F70-CB15-444C-A41C-3CB1FFABC052}.Debug|x86.Build.0 = Debug|Any CPU
		{01AD8F70-CB15-444C-A41C-3CB1FFABC052}.Release|Any CPU.ActiveCfg = Release|Any CPU
		{01AD8F70-CB15-444C-A41C-3CB1FFABC052}.Release|Any CPU.Build.0 = Release|Any CPU
		{01AD8F70-CB15-444C-A41C-3CB1FFABC052}.Release|x86.ActiveCfg = Release|Any CPU
		{01AD8F70-CB15-444C-A41C-3CB1FFABC052}.Release|x86.Build.0 = Release|Any CPU
		{4EFAEF59-3CAF-4AFC-9BF6-C76D39C8865D}.Debug|Any CPU.ActiveCfg = Debug|Any CPU
		{4EFAEF59-3CAF-4AFC-9BF6-C76D39C8865D}.Debug|Any CPU.Build.0 = Debug|Any CPU
		{4EFAEF59-3CAF-4AFC-9BF6-C76D39C8865D}.Debug|x86.ActiveCfg = Debug|Any CPU
		{4EFAEF59-3CAF-4AFC-9BF6-C76D39C8865D}.Debug|x86.Build.0 = Debug|Any CPU
		{4EFAEF59-3CAF-4AFC-9BF6-C76D39C8865D}.Release|Any CPU.ActiveCfg = Release|Any CPU
		{4EFAEF59-3CAF-4AFC-9BF6-C76D39C8865D}.Release|Any CPU.Build.0 = Release|Any CPU
		{4EFAEF59-3CAF-4AFC-9BF6-C76D39C8865D}.Release|x86.ActiveCfg = Release|Any CPU
		{4EFAEF59-3CAF-4AFC-9BF6-C76D39C8865D}.Release|x86.Build.0 = Release|Any CPU
		{191FE292-A2DA-496D-9379-E6DA1D4BA45F}.Debug|Any CPU.ActiveCfg = Debug|Any CPU
		{191FE292-A2DA-496D-9379-E6DA1D4BA45F}.Debug|Any CPU.Build.0 = Debug|Any CPU
		{191FE292-A2DA-496D-9379-E6DA1D4BA45F}.Debug|x86.ActiveCfg = Debug|Any CPU
		{191FE292-A2DA-496D-9379-E6DA1D4BA45F}.Debug|x86.Build.0 = Debug|Any CPU
		{191FE292-A2DA-496D-9379-E6DA1D4BA45F}.Release|Any CPU.ActiveCfg = Release|Any CPU
		{191FE292-A2DA-496D-9379-E6DA1D4BA45F}.Release|Any CPU.Build.0 = Release|Any CPU
		{191FE292-A2DA-496D-9379-E6DA1D4BA45F}.Release|x86.ActiveCfg = Release|Any CPU
		{191FE292-A2DA-496D-9379-E6DA1D4BA45F}.Release|x86.Build.0 = Release|Any CPU
	EndGlobalSection
	GlobalSection(SolutionProperties) = preSolution
		HideSolutionNode = FALSE
	EndGlobalSection
	GlobalSection(NestedProjects) = preSolution
		{6B0CD517-B6AF-47CE-AEF5-840004889603} = {5C04A9B2-0B28-4874-BB74-BA3860DCC97F}
		{4EFAEF59-3CAF-4AFC-9BF6-C76D39C8865D} = {0EB26BB6-F131-4709-9775-A3D7A9258A97}
		{191FE292-A2DA-496D-9379-E6DA1D4BA45F} = {0EB26BB6-F131-4709-9775-A3D7A9258A97}
	EndGlobalSection
	GlobalSection(ExtensibilityGlobals) = postSolution
		SolutionGuid = {A93D14A7-A4FC-4643-B723-39B6B213679D}
	EndGlobalSection
EndGlobal
